
Microsoft Visual Studio Solution File, Format Version 12.00
# Visual Studio Version 17
VisualStudioVersion = 17.3.32922.545
MinimumVisualStudioVersion = 10.0.40219.1
Project("{9A19103F-16F7-4668-BE54-9A1E7A4F7556}") = "BlazorApp1", "BlazorApp1\BlazorApp1.csproj", "{6A82DE76-817A-457E-BCAE-B47D1B49AE3D}"
EndProject
Project("{9A19103F-16F7-4668-BE54-9A1E7A4F7556}") = "WebApplication1", "..\..\..\webApi\lab2\WebApplication1\WebApplication1\WebApplication1.csproj", "{72584F19-DB70-4668-811E-3EC789E48EFC}"
EndProject
Global
	GlobalSection(SolutionConfigurationPlatforms) = preSolution
		Debug|Any CPU = Debug|Any CPU
		Release|Any CPU = Release|Any CPU
	EndGlobalSection
	GlobalSection(ProjectConfigurationPlatforms) = postSolution
		{6A82DE76-817A-457E-BCAE-B47D1B49AE3D}.Debug|Any CPU.ActiveCfg = Debug|Any CPU
		{6A82DE76-817A-457E-BCAE-B47D1B49AE3D}.Debug|Any CPU.Build.0 = Debug|Any CPU
		{6A82DE76-817A-457E-BCAE-B47D1B49AE3D}.Release|Any CPU.ActiveCfg = Release|Any CPU
		{6A82DE76-817A-457E-BCAE-B47D1B49AE3D}.Release|Any CPU.Build.0 = Release|Any CPU
		{72584F19-DB70-4668-811E-3EC789E48EFC}.Debug|Any CPU.ActiveCfg = Debug|Any CPU
		{72584F19-DB70-4668-811E-3EC789E48EFC}.Debug|Any CPU.Build.0 = Debug|Any CPU
		{72584F19-DB70-4668-811E-3EC789E48EFC}.Release|Any CPU.ActiveCfg = Release|Any CPU
		{72584F19-DB70-4668-811E-3EC789E48EFC}.Release|Any CPU.Build.0 = Release|Any CPU
	EndGlobalSection
	GlobalSection(SolutionProperties) = preSolution
		HideSolutionNode = FALSE
	EndGlobalSection
	GlobalSection(ExtensibilityGlobals) = postSolution
		SolutionGuid = {CAEB5C58-5DB1-4278-86E5-E913EDFB6C17}
	EndGlobalSection
EndGlobal
